
Microsoft Visual Studio Solution File, Format Version 12.00
# Visual Studio Version 16
VisualStudioVersion = 16.0.31402.337
MinimumVisualStudioVersion = 10.0.40219.1
Project("{9A19103F-16F7-4668-BE54-9A1E7A4F7556}") = "EscapeRoom", "EscapeRoom2\EscapeRoom.csproj", "{062E9C48-E438-4FC3-B0F8-71A4DA0EB0AB}"
EndProject
Global
	GlobalSection(SolutionConfigurationPlatforms) = preSolution
		Debug|Any CPU = Debug|Any CPU
		Release|Any CPU = Release|Any CPU
	EndGlobalSection
	GlobalSection(ProjectConfigurationPlatforms) = postSolution
		{062E9C48-E438-4FC3-B0F8-71A4DA0EB0AB}.Debug|Any CPU.ActiveCfg = Debug|Any CPU
		{062E9C48-E438-4FC3-B0F8-71A4DA0EB0AB}.Debug|Any CPU.Build.0 = Debug|Any CPU
		{062E9C48-E438-4FC3-B0F8-71A4DA0EB0AB}.Release|Any CPU.ActiveCfg = Release|Any CPU
		{062E9C48-E438-4FC3-B0F8-71A4DA0EB0AB}.Release|Any CPU.Build.0 = Release|Any CPU
	EndGlobalSection
	GlobalSection(SolutionProperties) = preSolution
		HideSolutionNode = FALSE
	EndGlobalSection
	GlobalSection(ExtensibilityGlobals) = postSolution
		SolutionGuid = {77C7B583-5209-4325-B90B-8C1C45773E4E}
	EndGlobalSection
EndGlobal
